<?xml version="1.0" encoding="utf-8"?>
<Project ToolsVersion="4.0" xmlns="http://schemas.microsoft.com/developer/msbuild/2003">
  <ItemGroup>
    <Filter Include="Haki">
      <UniqueIdentifier>{A235867C-8E6C-870D-3759-6D10236F030F}</UniqueIdentifier>
    </Filter>
  </ItemGroup>
  <ItemGroup>
    <ClInclude Include="src\Haki.h" />
    <ClInclude Include="src\Haki\Application.h">
      <Filter>Haki</Filter>
    </ClInclude>
    <ClInclude Include="src\Haki\Core.h">
      <Filter>Haki</Filter>
    </ClInclude>
    <ClInclude Include="src\Haki\EntryPoint.h">
      <Filter>Haki</Filter>
    </ClInclude>
    <ClInclude Include="src\Haki\Logger.h">
      <Filter>Haki</Filter>
    </ClInclude>
    <ClInclude Include="src\hkpch.h" />
  </ItemGroup>
  <ItemGroup>
    <ClCompile Include="src\Haki\Application.cpp">
      <Filter>Haki</Filter>
    </ClCompile>
    <ClCompile Include="src\Haki\Logger.cpp">
      <Filter>Haki</Filter>
    </ClCompile>
    <ClCompile Include="src\hkpch.cpp" />
  </ItemGroup>
</Project>